
Microsoft Visual Studio Solution File, Format Version 12.00
# Visual Studio Express 2013 for Web
VisualStudioVersion = 12.0.30501.0
MinimumVisualStudioVersion = 10.0.40219.1
Project("{FAE04EC0-301F-11D3-BF4B-00C04F79EFBC}") = "BurnSystems.GallerySlider", "BurnSystems.GallerySlider\BurnSystems.GallerySlider.csproj", "{AAA8493C-4442-4437-9E8C-16F1B0FE1B0E}"
EndProject
Project("{FAE04EC0-301F-11D3-BF4B-00C04F79EFBC}") = "GallerySlider", "GallerySlider\GallerySlider.csproj", "{2B207EFA-0C32-428B-A5CE-191D040DF680}"
EndProject
Global
	GlobalSection(SolutionConfigurationPlatforms) = preSolution
		Debug|Any CPU = Debug|Any CPU
		Release|Any CPU = Release|Any CPU
	EndGlobalSection
	GlobalSection(ProjectConfigurationPlatforms) = postSolution
		{AAA8493C-4442-4437-9E8C-16F1B0FE1B0E}.Debug|Any CPU.ActiveCfg = Debug|Any CPU
		{AAA8493C-4442-4437-9E8C-16F1B0FE1B0E}.Debug|Any CPU.Build.0 = Debug|Any CPU
		{AAA8493C-4442-4437-9E8C-16F1B0FE1B0E}.Release|Any CPU.ActiveCfg = Release|Any CPU
		{AAA8493C-4442-4437-9E8C-16F1B0FE1B0E}.Release|Any CPU.Build.0 = Release|Any CPU
		{2B207EFA-0C32-428B-A5CE-191D040DF680}.Debug|Any CPU.ActiveCfg = Debug|Any CPU
		{2B207EFA-0C32-428B-A5CE-191D040DF680}.Debug|Any CPU.Build.0 = Debug|Any CPU
		{2B207EFA-0C32-428B-A5CE-191D040DF680}.Release|Any CPU.ActiveCfg = Release|Any CPU
		{2B207EFA-0C32-428B-A5CE-191D040DF680}.Release|Any CPU.Build.0 = Release|Any CPU
	EndGlobalSection
	GlobalSection(SolutionProperties) = preSolution
		HideSolutionNode = FALSE
	EndGlobalSection
EndGlobal
